{
  "name": "dependabot-warning",
  "lockfileVersion": 3,
  "requires": true,
  "packages": {
    "": {
      "dependencies": {
        "angularjs": "^0.0.1"
      }
    },
    "node_modules/angularjs": {
      "version": "0.0.1",
      "resolved": "https://registry.npmjs.org/angularjs/-/angularjs-0.0.1.tgz",
      "integrity": "sha512-ziiSzYguJBEGSiqy0OTM7FXUm/VJhvZuu8ORfxMQzd3scFTLZ0668S8/eS2sxgof8kl1qGlzkISd8WLc5r4cVg=="
    }
  }
}
